
Microsoft Visual Studio Solution File, Format Version 12.00
# Visual Studio 2013
VisualStudioVersion = 12.0.40629.0
MinimumVisualStudioVersion = 10.0.40219.1
Project("{FAE04EC0-301F-11D3-BF4B-00C04F79EFBC}") = "Restaurant", "Restaurant\Restaurant.csproj", "{6C4C57CF-592F-4EF0-B24D-5F86A91D8B8A}"
EndProject
Project("{2150E333-8FDC-42A3-9474-1A3956D46DE8}") = "Images", "Images", "{ACC27463-4A6D-4070-A3A7-16CC12EC7038}"
	ProjectSection(SolutionItems) = preProject
		C:\Users\Omer\Downloads\12000072_10206232151455289_237628346_n.jpg = C:\Users\Omer\Downloads\12000072_10206232151455289_237628346_n.jpg
		C:\Users\Omer\Downloads\12047425_10206386218946880_280640009_n.jpg = C:\Users\Omer\Downloads\12047425_10206386218946880_280640009_n.jpg
		C:\Users\Omer\Downloads\12053321_10206386218906879_480969045_n.jpg = C:\Users\Omer\Downloads\12053321_10206386218906879_480969045_n.jpg
		C:\Users\Omer\Downloads\12067366_10206386218786876_1405315765_n.jpg = C:\Users\Omer\Downloads\12067366_10206386218786876_1405315765_n.jpg
		C:\Users\Omer\Downloads\12067887_10206386218826877_1075479144_n.jpg = C:\Users\Omer\Downloads\12067887_10206386218826877_1075479144_n.jpg
		C:\Users\Omer\Downloads\12071401_10206386219026882_929951409_n.jpg = C:\Users\Omer\Downloads\12071401_10206386219026882_929951409_n.jpg
		C:\Users\Omer\Downloads\12071729_10206386218986881_2079178720_n.jpg = C:\Users\Omer\Downloads\12071729_10206386218986881_2079178720_n.jpg
		C:\Users\Omer\Downloads\12076863_10206386219066883_1996290438_n.jpg = C:\Users\Omer\Downloads\12076863_10206386219066883_1996290438_n.jpg
		C:\Users\Omer\Downloads\12081556_10206386218866878_968718376_n.jpg = C:\Users\Omer\Downloads\12081556_10206386218866878_968718376_n.jpg
		C:\Users\Omer\Downloads\12084018_10206386218746875_316306989_n.jpg = C:\Users\Omer\Downloads\12084018_10206386218746875_316306989_n.jpg
		C:\Users\Omer\Downloads\12087374_10206386219106884_1942135769_n.jpg = C:\Users\Omer\Downloads\12087374_10206386219106884_1942135769_n.jpg
	EndProjectSection
EndProject
Global
	GlobalSection(SubversionScc) = preSolution
		Svn-Managed = True
		Manager = AnkhSVN - Subversion Support for Visual Studio
	EndGlobalSection
	GlobalSection(SolutionConfigurationPlatforms) = preSolution
		Debug|Any CPU = Debug|Any CPU
		Release|Any CPU = Release|Any CPU
	EndGlobalSection
	GlobalSection(ProjectConfigurationPlatforms) = postSolution
		{6C4C57CF-592F-4EF0-B24D-5F86A91D8B8A}.Debug|Any CPU.ActiveCfg = Debug|Any CPU
		{6C4C57CF-592F-4EF0-B24D-5F86A91D8B8A}.Debug|Any CPU.Build.0 = Debug|Any CPU
		{6C4C57CF-592F-4EF0-B24D-5F86A91D8B8A}.Release|Any CPU.ActiveCfg = Release|Any CPU
		{6C4C57CF-592F-4EF0-B24D-5F86A91D8B8A}.Release|Any CPU.Build.0 = Release|Any CPU
	EndGlobalSection
	GlobalSection(SolutionProperties) = preSolution
		HideSolutionNode = FALSE
	EndGlobalSection
EndGlobal
